
Microsoft Visual Studio Solution File, Format Version 12.00
# Visual Studio 2013
VisualStudioVersion = 12.0.30723.0
MinimumVisualStudioVersion = 10.0.40219.1
Project("{FAE04EC0-301F-11D3-BF4B-00C04F79EFBC}") = "Workable.Core", "..\Projects\Workable.Core\Workable.Core.csproj", "{7472B6D5-16FF-4797-8F41-F0383C074F68}"
EndProject
Project("{FAE04EC0-301F-11D3-BF4B-00C04F79EFBC}") = "Workable.Core.Tests.Integration", "..\Tests\Workable.Core.Tests.Integration\Workable.Core.Tests.Integration.csproj", "{32D899DB-DC22-47F7-AA58-317657D14B82}"
EndProject
Global
	GlobalSection(SolutionConfigurationPlatforms) = preSolution
		Debug|Any CPU = Debug|Any CPU
		Release|Any CPU = Release|Any CPU
	EndGlobalSection
	GlobalSection(ProjectConfigurationPlatforms) = postSolution
		{7472B6D5-16FF-4797-8F41-F0383C074F68}.Debug|Any CPU.ActiveCfg = Debug|Any CPU
		{7472B6D5-16FF-4797-8F41-F0383C074F68}.Debug|Any CPU.Build.0 = Debug|Any CPU
		{7472B6D5-16FF-4797-8F41-F0383C074F68}.Release|Any CPU.ActiveCfg = Release|Any CPU
		{7472B6D5-16FF-4797-8F41-F0383C074F68}.Release|Any CPU.Build.0 = Release|Any CPU
		{32D899DB-DC22-47F7-AA58-317657D14B82}.Debug|Any CPU.ActiveCfg = Debug|Any CPU
		{32D899DB-DC22-47F7-AA58-317657D14B82}.Debug|Any CPU.Build.0 = Debug|Any CPU
		{32D899DB-DC22-47F7-AA58-317657D14B82}.Release|Any CPU.ActiveCfg = Release|Any CPU
		{32D899DB-DC22-47F7-AA58-317657D14B82}.Release|Any CPU.Build.0 = Release|Any CPU
	EndGlobalSection
	GlobalSection(SolutionProperties) = preSolution
		HideSolutionNode = FALSE
	EndGlobalSection
EndGlobal
